// !$*UTF8*$!
{
	archiveVersion = 1;
	classes = {
	};
	objectVersion = 55;
	objects = {

/* Begin PBXBuildFile section */
		45A368450D6F115BB5B60EBE /* Pods_MovieDemoTests.framework in Frameworks */ = {isa = PBXBuildFile; fileRef = 56D9FCF53BA72BB1978AD132 /* Pods_MovieDemoTests.framework */; };
		85EEE00CA805D163A0E3D3D7 /* Pods_MovieDemo_MovieDemoUITests.framework in Frameworks */ = {isa = PBXBuildFile; fileRef = 461F2BE09C158AA584E2A2D7 /* Pods_MovieDemo_MovieDemoUITests.framework */; };
		9077AC7C2A57DF4D00932D6B /* BaseViewController.swift in Sources */ = {isa = PBXBuildFile; fileRef = 9077AC7B2A57DF4D00932D6B /* BaseViewController.swift */; };
		9077AC7E2A57EB3100932D6B /* MovieListLogicController.swift in Sources */ = {isa = PBXBuildFile; fileRef = 9077AC7D2A57EB3100932D6B /* MovieListLogicController.swift */; };
		90CA7BEC2A54F15400E65D99 /* AppDelegate.swift in Sources */ = {isa = PBXBuildFile; fileRef = 90CA7BEB2A54F15400E65D99 /* AppDelegate.swift */; };
		90CA7BEE2A54F15400E65D99 /* SceneDelegate.swift in Sources */ = {isa = PBXBuildFile; fileRef = 90CA7BED2A54F15400E65D99 /* SceneDelegate.swift */; };
		90CA7BF02A54F15400E65D99 /* MovieListViewController.swift in Sources */ = {isa = PBXBuildFile; fileRef = 90CA7BEF2A54F15400E65D99 /* MovieListViewController.swift */; };
		90CA7BF32A54F15400E65D99 /* Main.storyboard in Resources */ = {isa = PBXBuildFile; fileRef = 90CA7BF12A54F15400E65D99 /* Main.storyboard */; };
		90CA7BF62A54F15400E65D99 /* MovieDemo.xcdatamodeld in Sources */ = {isa = PBXBuildFile; fileRef = 90CA7BF42A54F15400E65D99 /* MovieDemo.xcdatamodeld */; };
		90CA7BF82A54F15500E65D99 /* Assets.xcassets in Resources */ = {isa = PBXBuildFile; fileRef = 90CA7BF72A54F15500E65D99 /* Assets.xcassets */; };
		90CA7BFB2A54F15500E65D99 /* LaunchScreen.storyboard in Resources */ = {isa = PBXBuildFile; fileRef = 90CA7BF92A54F15500E65D99 /* LaunchScreen.storyboard */; };
		90CA7C062A54F15500E65D99 /* DataProviderTests.swift in Sources */ = {isa = PBXBuildFile; fileRef = 90CA7C052A54F15500E65D99 /* DataProviderTests.swift */; };
		90CA7C102A54F15600E65D99 /* MovieDemoUITests.swift in Sources */ = {isa = PBXBuildFile; fileRef = 90CA7C0F2A54F15600E65D99 /* MovieDemoUITests.swift */; };
		90CA7C122A54F15600E65D99 /* MovieDemoUITestsLaunchTests.swift in Sources */ = {isa = PBXBuildFile; fileRef = 90CA7C112A54F15600E65D99 /* MovieDemoUITestsLaunchTests.swift */; };
		90CA7C242A557F1200E65D99 /* search_john_p1.json in Resources */ = {isa = PBXBuildFile; fileRef = 90CA7C232A557F1200E65D99 /* search_john_p1.json */; };
		90CA7C262A557F7A00E65D99 /* DataSourceImp.swift in Sources */ = {isa = PBXBuildFile; fileRef = 90CA7C252A557F7A00E65D99 /* DataSourceImp.swift */; };
		90CA7C282A557FBE00E65D99 /* DataSourceInterface.swift in Sources */ = {isa = PBXBuildFile; fileRef = 90CA7C272A557FBE00E65D99 /* DataSourceInterface.swift */; };
		90CA7C2E2A55815800E65D99 /* DependencyInjection.swift in Sources */ = {isa = PBXBuildFile; fileRef = 90CA7C2D2A55815800E65D99 /* DependencyInjection.swift */; };
		90CA7C332A5583A100E65D99 /* UniversalErrorHandler.swift in Sources */ = {isa = PBXBuildFile; fileRef = 90CA7C322A5583A100E65D99 /* UniversalErrorHandler.swift */; };
		90F290AF2A5687160016A7EB /* search_john_p1.json in Resources */ = {isa = PBXBuildFile; fileRef = 90CA7C232A557F1200E65D99 /* search_john_p1.json */; };
		90F290B02A5687170016A7EB /* search_john_p1.json in Resources */ = {isa = PBXBuildFile; fileRef = 90CA7C232A557F1200E65D99 /* search_john_p1.json */; };
		90F290B22A56965A0016A7EB /* HomeNavController.swift in Sources */ = {isa = PBXBuildFile; fileRef = 90F290B12A56965A0016A7EB /* HomeNavController.swift */; };
		90F290B42A578D950016A7EB /* MovieDetailsViewController.swift in Sources */ = {isa = PBXBuildFile; fileRef = 90F290B32A578D950016A7EB /* MovieDetailsViewController.swift */; };
		A2341D6303364C9AFB56C732 /* Pods_MovieDemo.framework in Frameworks */ = {isa = PBXBuildFile; fileRef = 35BD37B61C271E74E03E0C83 /* Pods_MovieDemo.framework */; };
/* End PBXBuildFile section */

/* Begin PBXContainerItemProxy section */
		90CA7C022A54F15500E65D99 /* PBXContainerItemProxy */ = {
			isa = PBXContainerItemProxy;
			containerPortal = 90CA7BE02A54F15400E65D99 /* Project object */;
			proxyType = 1;
			remoteGlobalIDString = 90CA7BE72A54F15400E65D99;
			remoteInfo = MovieDemo;
		};
		90CA7C0C2A54F15600E65D99 /* PBXContainerItemProxy */ = {
			isa = PBXContainerItemProxy;
			containerPortal = 90CA7BE02A54F15400E65D99 /* Project object */;
			proxyType = 1;
			remoteGlobalIDString = 90CA7BE72A54F15400E65D99;
			remoteInfo = MovieDemo;
		};
/* End PBXContainerItemProxy section */

/* Begin PBXFileReference section */
		1191191AAF5228D723A4BBEF /* Pods-MovieDemo-MovieDemoUITests.release.xcconfig */ = {isa = PBXFileReference; includeInIndex = 1; lastKnownFileType = text.xcconfig; name = "Pods-MovieDemo-MovieDemoUITests.release.xcconfig"; path = "Target Support Files/Pods-MovieDemo-MovieDemoUITests/Pods-MovieDemo-MovieDemoUITests.release.xcconfig"; sourceTree = "<group>"; };
		197DD3C754AEAE3331E4C044 /* Pods-MovieDemo.release.xcconfig */ = {isa = PBXFileReference; includeInIndex = 1; lastKnownFileType = text.xcconfig; name = "Pods-MovieDemo.release.xcconfig"; path = "Target Support Files/Pods-MovieDemo/Pods-MovieDemo.release.xcconfig"; sourceTree = "<group>"; };
		35BD37B61C271E74E03E0C83 /* Pods_MovieDemo.framework */ = {isa = PBXFileReference; explicitFileType = wrapper.framework; includeInIndex = 0; path = Pods_MovieDemo.framework; sourceTree = BUILT_PRODUCTS_DIR; };
		461F2BE09C158AA584E2A2D7 /* Pods_MovieDemo_MovieDemoUITests.framework */ = {isa = PBXFileReference; explicitFileType = wrapper.framework; includeInIndex = 0; path = Pods_MovieDemo_MovieDemoUITests.framework; sourceTree = BUILT_PRODUCTS_DIR; };
		56D9FCF53BA72BB1978AD132 /* Pods_MovieDemoTests.framework */ = {isa = PBXFileReference; explicitFileType = wrapper.framework; includeInIndex = 0; path = Pods_MovieDemoTests.framework; sourceTree = BUILT_PRODUCTS_DIR; };
		5FF4274631A81A59FF278C6A /* Pods-MovieDemoTests.debug.xcconfig */ = {isa = PBXFileReference; includeInIndex = 1; lastKnownFileType = text.xcconfig; name = "Pods-MovieDemoTests.debug.xcconfig"; path = "Target Support Files/Pods-MovieDemoTests/Pods-MovieDemoTests.debug.xcconfig"; sourceTree = "<group>"; };
		7A2A2C513B351333E88D58EE /* Pods-MovieDemo-MovieDemoUITests.debug.xcconfig */ = {isa = PBXFileReference; includeInIndex = 1; lastKnownFileType = text.xcconfig; name = "Pods-MovieDemo-MovieDemoUITests.debug.xcconfig"; path = "Target Support Files/Pods-MovieDemo-MovieDemoUITests/Pods-MovieDemo-MovieDemoUITests.debug.xcconfig"; sourceTree = "<group>"; };
		9077AC7B2A57DF4D00932D6B /* BaseViewController.swift */ = {isa = PBXFileReference; lastKnownFileType = sourcecode.swift; path = BaseViewController.swift; sourceTree = "<group>"; };
		9077AC7D2A57EB3100932D6B /* MovieListLogicController.swift */ = {isa = PBXFileReference; lastKnownFileType = sourcecode.swift; path = MovieListLogicController.swift; sourceTree = "<group>"; };
		90CA7BE82A54F15400E65D99 /* MovieDemo.app */ = {isa = PBXFileReference; explicitFileType = wrapper.application; includeInIndex = 0; path = MovieDemo.app; sourceTree = BUILT_PRODUCTS_DIR; };
		90CA7BEB2A54F15400E65D99 /* AppDelegate.swift */ = {isa = PBXFileReference; lastKnownFileType = sourcecode.swift; path = AppDelegate.swift; sourceTree = "<group>"; };
		90CA7BED2A54F15400E65D99 /* SceneDelegate.swift */ = {isa = PBXFileReference; lastKnownFileType = sourcecode.swift; path = SceneDelegate.swift; sourceTree = "<group>"; };
		90CA7BEF2A54F15400E65D99 /* MovieListViewController.swift */ = {isa = PBXFileReference; lastKnownFileType = sourcecode.swift; path = MovieListViewController.swift; sourceTree = "<group>"; };
		90CA7BF22A54F15400E65D99 /* Base */ = {isa = PBXFileReference; lastKnownFileType = file.storyboard; name = Base; path = Base.lproj/Main.storyboard; sourceTree = "<group>"; };
		90CA7BF52A54F15400E65D99 /* MovieDemo.xcdatamodel */ = {isa = PBXFileReference; lastKnownFileType = wrapper.xcdatamodel; path = MovieDemo.xcdatamodel; sourceTree = "<group>"; };
		90CA7BF72A54F15500E65D99 /* Assets.xcassets */ = {isa = PBXFileReference; lastKnownFileType = folder.assetcatalog; path = Assets.xcassets; sourceTree = "<group>"; };
		90CA7BFA2A54F15500E65D99 /* Base */ = {isa = PBXFileReference; lastKnownFileType = file.storyboard; name = Base; path = Base.lproj/LaunchScreen.storyboard; sourceTree = "<group>"; };
		90CA7BFC2A54F15500E65D99 /* Info.plist */ = {isa = PBXFileReference; lastKnownFileType = text.plist.xml; path = Info.plist; sourceTree = "<group>"; };
		90CA7C012A54F15500E65D99 /* MovieDemoTests.xctest */ = {isa = PBXFileReference; explicitFileType = wrapper.cfbundle; includeInIndex = 0; path = MovieDemoTests.xctest; sourceTree = BUILT_PRODUCTS_DIR; };
		90CA7C052A54F15500E65D99 /* DataProviderTests.swift */ = {isa = PBXFileReference; lastKnownFileType = sourcecode.swift; path = DataProviderTests.swift; sourceTree = "<group>"; };
		90CA7C0B2A54F15600E65D99 /* MovieDemoUITests.xctest */ = {isa = PBXFileReference; explicitFileType = wrapper.cfbundle; includeInIndex = 0; path = MovieDemoUITests.xctest; sourceTree = BUILT_PRODUCTS_DIR; };
		90CA7C0F2A54F15600E65D99 /* MovieDemoUITests.swift */ = {isa = PBXFileReference; lastKnownFileType = sourcecode.swift; path = MovieDemoUITests.swift; sourceTree = "<group>"; };
		90CA7C112A54F15600E65D99 /* MovieDemoUITestsLaunchTests.swift */ = {isa = PBXFileReference; lastKnownFileType = sourcecode.swift; path = MovieDemoUITestsLaunchTests.swift; sourceTree = "<group>"; };
		90CA7C232A557F1200E65D99 /* search_john_p1.json */ = {isa = PBXFileReference; fileEncoding = 4; lastKnownFileType = text.json; path = search_john_p1.json; sourceTree = "<group>"; };
		90CA7C252A557F7A00E65D99 /* DataSourceImp.swift */ = {isa = PBXFileReference; lastKnownFileType = sourcecode.swift; path = DataSourceImp.swift; sourceTree = "<group>"; };
		90CA7C272A557FBE00E65D99 /* DataSourceInterface.swift */ = {isa = PBXFileReference; lastKnownFileType = sourcecode.swift; path = DataSourceInterface.swift; sourceTree = "<group>"; };
		90CA7C2D2A55815800E65D99 /* DependencyInjection.swift */ = {isa = PBXFileReference; lastKnownFileType = sourcecode.swift; path = DependencyInjection.swift; sourceTree = "<group>"; };
		90CA7C322A5583A100E65D99 /* UniversalErrorHandler.swift */ = {isa = PBXFileReference; lastKnownFileType = sourcecode.swift; path = UniversalErrorHandler.swift; sourceTree = "<group>"; };
		90F290B12A56965A0016A7EB /* HomeNavController.swift */ = {isa = PBXFileReference; lastKnownFileType = sourcecode.swift; path = HomeNavController.swift; sourceTree = "<group>"; };
		90F290B32A578D950016A7EB /* MovieDetailsViewController.swift */ = {isa = PBXFileReference; lastKnownFileType = sourcecode.swift; path = MovieDetailsViewController.swift; sourceTree = "<group>"; };
		9B9D3362AD0067D35B0D0BF7 /* Pods-MovieDemo.debug.xcconfig */ = {isa = PBXFileReference; includeInIndex = 1; lastKnownFileType = text.xcconfig; name = "Pods-MovieDemo.debug.xcconfig"; path = "Target Support Files/Pods-MovieDemo/Pods-MovieDemo.debug.xcconfig"; sourceTree = "<group>"; };
		A72933BC79E9D97B2792494B /* Pods-MovieDemoTests.release.xcconfig */ = {isa = PBXFileReference; includeInIndex = 1; lastKnownFileType = text.xcconfig; name = "Pods-MovieDemoTests.release.xcconfig"; path = "Target Support Files/Pods-MovieDemoTests/Pods-MovieDemoTests.release.xcconfig"; sourceTree = "<group>"; };
/* End PBXFileReference section */

/* Begin PBXFrameworksBuildPhase section */
		90CA7BE52A54F15400E65D99 /* Frameworks */ = {
			isa = PBXFrameworksBuildPhase;
			buildActionMask = 2147483647;
			files = (
				A2341D6303364C9AFB56C732 /* Pods_MovieDemo.framework in Frameworks */,
			);
			runOnlyForDeploymentPostprocessing = 0;
		};
		90CA7BFE2A54F15500E65D99 /* Frameworks */ = {
			isa = PBXFrameworksBuildPhase;
			buildActionMask = 2147483647;
			files = (
				45A368450D6F115BB5B60EBE /* Pods_MovieDemoTests.framework in Frameworks */,
			);
			runOnlyForDeploymentPostprocessing = 0;
		};
		90CA7C082A54F15600E65D99 /* Frameworks */ = {
			isa = PBXFrameworksBuildPhase;
			buildActionMask = 2147483647;
			files = (
				85EEE00CA805D163A0E3D3D7 /* Pods_MovieDemo_MovieDemoUITests.framework in Frameworks */,
			);
			runOnlyForDeploymentPostprocessing = 0;
		};
/* End PBXFrameworksBuildPhase section */

/* Begin PBXGroup section */
		2204699ADED79A1A9F88538D /* Frameworks */ = {
			isa = PBXGroup;
			children = (
				35BD37B61C271E74E03E0C83 /* Pods_MovieDemo.framework */,
				461F2BE09C158AA584E2A2D7 /* Pods_MovieDemo_MovieDemoUITests.framework */,
				56D9FCF53BA72BB1978AD132 /* Pods_MovieDemoTests.framework */,
			);
			name = Frameworks;
			sourceTree = "<group>";
		};
		9077AC7A2A57DF2C00932D6B /* Home */ = {
			isa = PBXGroup;
			children = (
				90F290B12A56965A0016A7EB /* HomeNavController.swift */,
				9077AC7B2A57DF4D00932D6B /* BaseViewController.swift */,
			);
			path = Home;
			sourceTree = "<group>";
		};
		90CA7BDF2A54F15400E65D99 = {
			isa = PBXGroup;
			children = (
				90CA7BEA2A54F15400E65D99 /* MovieDemo */,
				90CA7C042A54F15500E65D99 /* MovieDemoTests */,
				90CA7C0E2A54F15600E65D99 /* MovieDemoUITests */,
				90CA7BE92A54F15400E65D99 /* Products */,
				DDE725B5CBBF8D87B5407DD6 /* Pods */,
				2204699ADED79A1A9F88538D /* Frameworks */,
			);
			sourceTree = "<group>";
		};
		90CA7BE92A54F15400E65D99 /* Products */ = {
			isa = PBXGroup;
			children = (
				90CA7BE82A54F15400E65D99 /* MovieDemo.app */,
				90CA7C012A54F15500E65D99 /* MovieDemoTests.xctest */,
				90CA7C0B2A54F15600E65D99 /* MovieDemoUITests.xctest */,
			);
			name = Products;
			sourceTree = "<group>";
		};
		90CA7BEA2A54F15400E65D99 /* MovieDemo */ = {
			isa = PBXGroup;
			children = (
				9077AC7A2A57DF2C00932D6B /* Home */,
				90CA7C312A55835F00E65D99 /* UniversalErrorHandler */,
				90CA7C2C2A55814900E65D99 /* DependencyInjection */,
				90CA7C212A557E9300E65D99 /* MovieDetails */,
				90CA7C202A557E8600E65D99 /* MovieList */,
				90CA7C1F2A557E7100E65D99 /* DataProvider */,
				90CA7BEB2A54F15400E65D99 /* AppDelegate.swift */,
				90CA7BED2A54F15400E65D99 /* SceneDelegate.swift */,
				90CA7BFC2A54F15500E65D99 /* Info.plist */,
				90CA7BF42A54F15400E65D99 /* MovieDemo.xcdatamodeld */,
				90CA7C222A557EA800E65D99 /* Resources */,
				90CA7C1E2A55371E00E65D99 /* Mock */,
			);
			path = MovieDemo;
			sourceTree = "<group>";
		};
		90CA7C042A54F15500E65D99 /* MovieDemoTests */ = {
			isa = PBXGroup;
			children = (
				90CA7C052A54F15500E65D99 /* DataProviderTests.swift */,
			);
			path = MovieDemoTests;
			sourceTree = "<group>";
		};
		90CA7C0E2A54F15600E65D99 /* MovieDemoUITests */ = {
			isa = PBXGroup;
			children = (
				90CA7C0F2A54F15600E65D99 /* MovieDemoUITests.swift */,
				90CA7C112A54F15600E65D99 /* MovieDemoUITestsLaunchTests.swift */,
			);
			path = MovieDemoUITests;
			sourceTree = "<group>";
		};
		90CA7C1E2A55371E00E65D99 /* Mock */ = {
			isa = PBXGroup;
			children = (
				90CA7C232A557F1200E65D99 /* search_john_p1.json */,
			);
			path = Mock;
			sourceTree = "<group>";
		};
		90CA7C1F2A557E7100E65D99 /* DataProvider */ = {
			isa = PBXGroup;
			children = (
				90CA7C252A557F7A00E65D99 /* DataSourceImp.swift */,
				90CA7C272A557FBE00E65D99 /* DataSourceInterface.swift */,
			);
			path = DataProvider;
			sourceTree = "<group>";
		};
		90CA7C202A557E8600E65D99 /* MovieList */ = {
			isa = PBXGroup;
			children = (
				90CA7BEF2A54F15400E65D99 /* MovieListViewController.swift */,
				9077AC7D2A57EB3100932D6B /* MovieListLogicController.swift */,
			);
			path = MovieList;
			sourceTree = "<group>";
		};
		90CA7C212A557E9300E65D99 /* MovieDetails */ = {
			isa = PBXGroup;
			children = (
				90F290B32A578D950016A7EB /* MovieDetailsViewController.swift */,
			);
			path = MovieDetails;
			sourceTree = "<group>";
		};
		90CA7C222A557EA800E65D99 /* Resources */ = {
			isa = PBXGroup;
			children = (
				90CA7BF12A54F15400E65D99 /* Main.storyboard */,
				90CA7BF72A54F15500E65D99 /* Assets.xcassets */,
				90CA7BF92A54F15500E65D99 /* LaunchScreen.storyboard */,
			);
			path = Resources;
			sourceTree = "<group>";
		};
		90CA7C2C2A55814900E65D99 /* DependencyInjection */ = {
			isa = PBXGroup;
			children = (
				90CA7C2D2A55815800E65D99 /* DependencyInjection.swift */,
			);
			path = DependencyInjection;
			sourceTree = "<group>";
		};
		90CA7C312A55835F00E65D99 /* UniversalErrorHandler */ = {
			isa = PBXGroup;
			children = (
				90CA7C322A5583A100E65D99 /* UniversalErrorHandler.swift */,
			);
			path = UniversalErrorHandler;
			sourceTree = "<group>";
		};
		DDE725B5CBBF8D87B5407DD6 /* Pods */ = {
			isa = PBXGroup;
			children = (
				9B9D3362AD0067D35B0D0BF7 /* Pods-MovieDemo.debug.xcconfig */,
				197DD3C754AEAE3331E4C044 /* Pods-MovieDemo.release.xcconfig */,
				7A2A2C513B351333E88D58EE /* Pods-MovieDemo-MovieDemoUITests.debug.xcconfig */,
				1191191AAF5228D723A4BBEF /* Pods-MovieDemo-MovieDemoUITests.release.xcconfig */,
				5FF4274631A81A59FF278C6A /* Pods-MovieDemoTests.debug.xcconfig */,
				A72933BC79E9D97B2792494B /* Pods-MovieDemoTests.release.xcconfig */,
			);
			path = Pods;
			sourceTree = "<group>";
		};
/* End PBXGroup section */

/* Begin PBXNativeTarget section */
		90CA7BE72A54F15400E65D99 /* MovieDemo */ = {
			isa = PBXNativeTarget;
			buildConfigurationList = 90CA7C152A54F15600E65D99 /* Build configuration list for PBXNativeTarget "MovieDemo" */;
			buildPhases = (
				46DC363B47B875E5227B1E1E /* [CP] Check Pods Manifest.lock */,
				90CA7BE42A54F15400E65D99 /* Sources */,
				90CA7BE52A54F15400E65D99 /* Frameworks */,
				90CA7BE62A54F15400E65D99 /* Resources */,
				AA0F81193925ED8D622E845E /* [CP] Embed Pods Frameworks */,
			);
			buildRules = (
			);
			dependencies = (
			);
			name = MovieDemo;
			productName = MovieDemo;
			productReference = 90CA7BE82A54F15400E65D99 /* MovieDemo.app */;
			productType = "com.apple.product-type.application";
		};
		90CA7C002A54F15500E65D99 /* MovieDemoTests */ = {
			isa = PBXNativeTarget;
			buildConfigurationList = 90CA7C182A54F15600E65D99 /* Build configuration list for PBXNativeTarget "MovieDemoTests" */;
			buildPhases = (
				4812167C6CFF1F05567018D4 /* [CP] Check Pods Manifest.lock */,
				90CA7BFD2A54F15500E65D99 /* Sources */,
				90CA7BFE2A54F15500E65D99 /* Frameworks */,
				90CA7BFF2A54F15500E65D99 /* Resources */,
			);
			buildRules = (
			);
			dependencies = (
				90CA7C032A54F15500E65D99 /* PBXTargetDependency */,
			);
			name = MovieDemoTests;
			productName = MovieDemoTests;
			productReference = 90CA7C012A54F15500E65D99 /* MovieDemoTests.xctest */;
			productType = "com.apple.product-type.bundle.unit-test";
		};
		90CA7C0A2A54F15600E65D99 /* MovieDemoUITests */ = {
			isa = PBXNativeTarget;
			buildConfigurationList = 90CA7C1B2A54F15600E65D99 /* Build configuration list for PBXNativeTarget "MovieDemoUITests" */;
			buildPhases = (
				929037B3504D309591910A5B /* [CP] Check Pods Manifest.lock */,
				90CA7C072A54F15600E65D99 /* Sources */,
				90CA7C082A54F15600E65D99 /* Frameworks */,
				90CA7C092A54F15600E65D99 /* Resources */,
				01F86DD0AEE20B301206BCB8 /* [CP] Embed Pods Frameworks */,
			);
			buildRules = (
			);
			dependencies = (
				90CA7C0D2A54F15600E65D99 /* PBXTargetDependency */,
			);
			name = MovieDemoUITests;
			productName = MovieDemoUITests;
			productReference = 90CA7C0B2A54F15600E65D99 /* MovieDemoUITests.xctest */;
			productType = "com.apple.product-type.bundle.ui-testing";
		};
/* End PBXNativeTarget section */

/* Begin PBXProject section */
		90CA7BE02A54F15400E65D99 /* Project object */ = {
			isa = PBXProject;
			attributes = {
				BuildIndependentTargetsInParallel = 1;
				LastSwiftUpdateCheck = 1430;
				LastUpgradeCheck = 1430;
				TargetAttributes = {
					90CA7BE72A54F15400E65D99 = {
						CreatedOnToolsVersion = 14.3.1;
					};
					90CA7C002A54F15500E65D99 = {
						CreatedOnToolsVersion = 14.3.1;
						TestTargetID = 90CA7BE72A54F15400E65D99;
					};
					90CA7C0A2A54F15600E65D99 = {
						CreatedOnToolsVersion = 14.3.1;
						TestTargetID = 90CA7BE72A54F15400E65D99;
					};
				};
			};
			buildConfigurationList = 90CA7BE32A54F15400E65D99 /* Build configuration list for PBXProject "MovieDemo" */;
			compatibilityVersion = "Xcode 13.0";
			developmentRegion = en;
			hasScannedForEncodings = 0;
			knownRegions = (
				en,
				Base,
			);
			mainGroup = 90CA7BDF2A54F15400E65D99;
			productRefGroup = 90CA7BE92A54F15400E65D99 /* Products */;
			projectDirPath = "";
			projectRoot = "";
			targets = (
				90CA7BE72A54F15400E65D99 /* MovieDemo */,
				90CA7C002A54F15500E65D99 /* MovieDemoTests */,
				90CA7C0A2A54F15600E65D99 /* MovieDemoUITests */,
			);
		};
/* End PBXProject section */

/* Begin PBXResourcesBuildPhase section */
		90CA7BE62A54F15400E65D99 /* Resources */ = {
			isa = PBXResourcesBuildPhase;
			buildActionMask = 2147483647;
			files = (
				90CA7BFB2A54F15500E65D99 /* LaunchScreen.storyboard in Resources */,
				90CA7BF82A54F15500E65D99 /* Assets.xcassets in Resources */,
				90CA7BF32A54F15400E65D99 /* Main.storyboard in Resources */,
				90CA7C242A557F1200E65D99 /* search_john_p1.json in Resources */,
			);
			runOnlyForDeploymentPostprocessing = 0;
		};
		90CA7BFF2A54F15500E65D99 /* Resources */ = {
			isa = PBXResourcesBuildPhase;
			buildActionMask = 2147483647;
			files = (
				90F290AF2A5687160016A7EB /* search_john_p1.json in Resources */,
			);
			runOnlyForDeploymentPostprocessing = 0;
		};
		90CA7C092A54F15600E65D99 /* Resources */ = {
			isa = PBXResourcesBuildPhase;
			buildActionMask = 2147483647;
			files = (
				90F290B02A5687170016A7EB /* search_john_p1.json in Resources */,
			);
			runOnlyForDeploymentPostprocessing = 0;
		};
/* End PBXResourcesBuildPhase section */

/* Begin PBXShellScriptBuildPhase section */
		01F86DD0AEE20B301206BCB8 /* [CP] Embed Pods Frameworks */ = {
			isa = PBXShellScriptBuildPhase;
			buildActionMask = 2147483647;
			files = (
			);
			inputFileListPaths = (
				"${PODS_ROOT}/Target Support Files/Pods-MovieDemo-MovieDemoUITests/Pods-MovieDemo-MovieDemoUITests-frameworks-${CONFIGURATION}-input-files.xcfilelist",
			);
			name = "[CP] Embed Pods Frameworks";
			outputFileListPaths = (
				"${PODS_ROOT}/Target Support Files/Pods-MovieDemo-MovieDemoUITests/Pods-MovieDemo-MovieDemoUITests-frameworks-${CONFIGURATION}-output-files.xcfilelist",
			);
			runOnlyForDeploymentPostprocessing = 0;
			shellPath = /bin/sh;
			shellScript = "\"${PODS_ROOT}/Target Support Files/Pods-MovieDemo-MovieDemoUITests/Pods-MovieDemo-MovieDemoUITests-frameworks.sh\"\n";
			showEnvVarsInLog = 0;
		};
		46DC363B47B875E5227B1E1E /* [CP] Check Pods Manifest.lock */ = {
			isa = PBXShellScriptBuildPhase;
			buildActionMask = 2147483647;
			files = (
			);
			inputFileListPaths = (
			);
			inputPaths = (
				"${PODS_PODFILE_DIR_PATH}/Podfile.lock",
				"${PODS_ROOT}/Manifest.lock",
			);
			name = "[CP] Check Pods Manifest.lock";
			outputFileListPaths = (
			);
			outputPaths = (
				"$(DERIVED_FILE_DIR)/Pods-MovieDemo-checkManifestLockResult.txt",
			);
			runOnlyForDeploymentPostprocessing = 0;
			shellPath = /bin/sh;
			shellScript = "diff \"${PODS_PODFILE_DIR_PATH}/Podfile.lock\" \"${PODS_ROOT}/Manifest.lock\" > /dev/null\nif [ $? != 0 ] ; then\n    # print error to STDERR\n    echo \"error: The sandbox is not in sync with the Podfile.lock. Run 'pod install' or update your CocoaPods installation.\" >&2\n    exit 1\nfi\n# This output is used by Xcode 'outputs' to avoid re-running this script phase.\necho \"SUCCESS\" > \"${SCRIPT_OUTPUT_FILE_0}\"\n";
			showEnvVarsInLog = 0;
		};
		4812167C6CFF1F05567018D4 /* [CP] Check Pods Manifest.lock */ = {
			isa = PBXShellScriptBuildPhase;
			buildActionMask = 2147483647;
			files = (
			);
			inputFileListPaths = (
			);
			inputPaths = (
				"${PODS_PODFILE_DIR_PATH}/Podfile.lock",
				"${PODS_ROOT}/Manifest.lock",
			);
			name = "[CP] Check Pods Manifest.lock";
			outputFileListPaths = (
			);
			outputPaths = (
				"$(DERIVED_FILE_DIR)/Pods-MovieDemoTests-checkManifestLockResult.txt",
			);
			runOnlyForDeploymentPostprocessing = 0;
			shellPath = /bin/sh;
			shellScript = "diff \"${PODS_PODFILE_DIR_PATH}/Podfile.lock\" \"${PODS_ROOT}/Manifest.lock\" > /dev/null\nif [ $? != 0 ] ; then\n    # print error to STDERR\n    echo \"error: The sandbox is not in sync with the Podfile.lock. Run 'pod install' or update your CocoaPods installation.\" >&2\n    exit 1\nfi\n# This output is used by Xcode 'outputs' to avoid re-running this script phase.\necho \"SUCCESS\" > \"${SCRIPT_OUTPUT_FILE_0}\"\n";
			showEnvVarsInLog = 0;
		};
		929037B3504D309591910A5B /* [CP] Check Pods Manifest.lock */ = {
			isa = PBXShellScriptBuildPhase;
			buildActionMask = 2147483647;
			files = (
			);
			inputFileListPaths = (
			);
			inputPaths = (
				"${PODS_PODFILE_DIR_PATH}/Podfile.lock",
				"${PODS_ROOT}/Manifest.lock",
			);
			name = "[CP] Check Pods Manifest.lock";
			outputFileListPaths = (
			);
			outputPaths = (
				"$(DERIVED_FILE_DIR)/Pods-MovieDemo-MovieDemoUITests-checkManifestLockResult.txt",
			);
			runOnlyForDeploymentPostprocessing = 0;
			shellPath = /bin/sh;
			shellScript = "diff \"${PODS_PODFILE_DIR_PATH}/Podfile.lock\" \"${PODS_ROOT}/Manifest.lock\" > /dev/null\nif [ $? != 0 ] ; then\n    # print error to STDERR\n    echo \"error: The sandbox is not in sync with the Podfile.lock. Run 'pod install' or update your CocoaPods installation.\" >&2\n    exit 1\nfi\n# This output is used by Xcode 'outputs' to avoid re-running this script phase.\necho \"SUCCESS\" > \"${SCRIPT_OUTPUT_FILE_0}\"\n";
			showEnvVarsInLog = 0;
		};
		AA0F81193925ED8D622E845E /* [CP] Embed Pods Frameworks */ = {
			isa = PBXShellScriptBuildPhase;
			buildActionMask = 2147483647;
			files = (
			);
			inputFileListPaths = (
				"${PODS_ROOT}/Target Support Files/Pods-MovieDemo/Pods-MovieDemo-frameworks-${CONFIGURATION}-input-files.xcfilelist",
			);
			name = "[CP] Embed Pods Frameworks";
			outputFileListPaths = (
				"${PODS_ROOT}/Target Support Files/Pods-MovieDemo/Pods-MovieDemo-frameworks-${CONFIGURATION}-output-files.xcfilelist",
			);
			runOnlyForDeploymentPostprocessing = 0;
			shellPath = /bin/sh;
			shellScript = "\"${PODS_ROOT}/Target Support Files/Pods-MovieDemo/Pods-MovieDemo-frameworks.sh\"\n";
			showEnvVarsInLog = 0;
		};
/* End PBXShellScriptBuildPhase section */

/* Begin PBXSourcesBuildPhase section */
		90CA7BE42A54F15400E65D99 /* Sources */ = {
			isa = PBXSourcesBuildPhase;
			buildActionMask = 2147483647;
			files = (
				90F290B42A578D950016A7EB /* MovieDetailsViewController.swift in Sources */,
				90CA7BF02A54F15400E65D99 /* MovieListViewController.swift in Sources */,
				9077AC7C2A57DF4D00932D6B /* BaseViewController.swift in Sources */,
				90CA7BEC2A54F15400E65D99 /* AppDelegate.swift in Sources */,
				90CA7BEE2A54F15400E65D99 /* SceneDelegate.swift in Sources */,
				90CA7C2E2A55815800E65D99 /* DependencyInjection.swift in Sources */,
				90CA7BF62A54F15400E65D99 /* MovieDemo.xcdatamodeld in Sources */,
				90F290B22A56965A0016A7EB /* HomeNavController.swift in Sources */,
				90CA7C282A557FBE00E65D99 /* DataSourceInterface.swift in Sources */,
				90CA7C262A557F7A00E65D99 /* DataSourceImp.swift in Sources */,
				90CA7C332A5583A100E65D99 /* UniversalErrorHandler.swift in Sources */,
				9077AC7E2A57EB3100932D6B /* MovieListLogicController.swift in Sources */,
			);
			runOnlyForDeploymentPostprocessing = 0;
		};
		90CA7BFD2A54F15500E65D99 /* Sources */ = {
			isa = PBXSourcesBuildPhase;
			buildActionMask = 2147483647;
			files = (
				90CA7C062A54F15500E65D99 /* DataProviderTests.swift in Sources */,
			);
			runOnlyForDeploymentPostprocessing = 0;
		};
		90CA7C072A54F15600E65D99 /* Sources */ = {
			isa = PBXSourcesBuildPhase;
			buildActionMask = 2147483647;
			files = (
				90CA7C122A54F15600E65D99 /* MovieDemoUITestsLaunchTests.swift in Sources */,
				90CA7C102A54F15600E65D99 /* MovieDemoUITests.swift in Sources */,
			);
			runOnlyForDeploymentPostprocessing = 0;
		};
/* End PBXSourcesBuildPhase section */

/* Begin PBXTargetDependency section */
		90CA7C032A54F15500E65D99 /* PBXTargetDependency */ = {
			isa = PBXTargetDependency;
			target = 90CA7BE72A54F15400E65D99 /* MovieDemo */;
			targetProxy = 90CA7C022A54F15500E65D99 /* PBXContainerItemProxy */;
		};
		90CA7C0D2A54F15600E65D99 /* PBXTargetDependency */ = {
			isa = PBXTargetDependency;
			target = 90CA7BE72A54F15400E65D99 /* MovieDemo */;
			targetProxy = 90CA7C0C2A54F15600E65D99 /* PBXContainerItemProxy */;
		};
/* End PBXTargetDependency section */

/* Begin PBXVariantGroup section */
		90CA7BF12A54F15400E65D99 /* Main.storyboard */ = {
			isa = PBXVariantGroup;
			children = (
				90CA7BF22A54F15400E65D99 /* Base */,
			);
			name = Main.storyboard;
			sourceTree = "<group>";
		};
		90CA7BF92A54F15500E65D99 /* LaunchScreen.storyboard */ = {
			isa = PBXVariantGroup;
			children = (
				90CA7BFA2A54F15500E65D99 /* Base */,
			);
			name = LaunchScreen.storyboard;
			sourceTree = "<group>";
		};
/* End PBXVariantGroup section */

/* Begin XCBuildConfiguration section */
		90CA7C132A54F15600E65D99 /* Debug */ = {
			isa = XCBuildConfiguration;
			buildSettings = {
				ALWAYS_SEARCH_USER_PATHS = NO;
				CLANG_ANALYZER_NONNULL = YES;
				CLANG_ANALYZER_NUMBER_OBJECT_CONVERSION = YES_AGGRESSIVE;
				CLANG_CXX_LANGUAGE_STANDARD = "gnu++20";
				CLANG_ENABLE_MODULES = YES;
				CLANG_ENABLE_OBJC_ARC = YES;
				CLANG_ENABLE_OBJC_WEAK = YES;
				CLANG_WARN_BLOCK_CAPTURE_AUTORELEASING = YES;
				CLANG_WARN_BOOL_CONVERSION = YES;
				CLANG_WARN_COMMA = YES;
				CLANG_WARN_CONSTANT_CONVERSION = YES;
				CLANG_WARN_DEPRECATED_OBJC_IMPLEMENTATIONS = YES;
				CLANG_WARN_DIRECT_OBJC_ISA_USAGE = YES_ERROR;
				CLANG_WARN_DOCUMENTATION_COMMENTS = YES;
				CLANG_WARN_EMPTY_BODY = YES;
				CLANG_WARN_ENUM_CONVERSION = YES;
				CLANG_WARN_INFINITE_RECURSION = YES;
				CLANG_WARN_INT_CONVERSION = YES;
				CLANG_WARN_NON_LITERAL_NULL_CONVERSION = YES;
				CLANG_WARN_OBJC_IMPLICIT_RETAIN_SELF = YES;
				CLANG_WARN_OBJC_LITERAL_CONVERSION = YES;
				CLANG_WARN_OBJC_ROOT_CLASS = YES_ERROR;
				CLANG_WARN_QUOTED_INCLUDE_IN_FRAMEWORK_HEADER = YES;
				CLANG_WARN_RANGE_LOOP_ANALYSIS = YES;
				CLANG_WARN_STRICT_PROTOTYPES = YES;
				CLANG_WARN_SUSPICIOUS_MOVE = YES;
				CLANG_WARN_UNGUARDED_AVAILABILITY = YES_AGGRESSIVE;
				CLANG_WARN_UNREACHABLE_CODE = YES;
				CLANG_WARN__DUPLICATE_METHOD_MATCH = YES;
				COPY_PHASE_STRIP = NO;
				DEBUG_INFORMATION_FORMAT = dwarf;
				ENABLE_STRICT_OBJC_MSGSEND = YES;
				ENABLE_TESTABILITY = YES;
				GCC_C_LANGUAGE_STANDARD = gnu11;
				GCC_DYNAMIC_NO_PIC = NO;
				GCC_NO_COMMON_BLOCKS = YES;
				GCC_OPTIMIZATION_LEVEL = 0;
				GCC_PREPROCESSOR_DEFINITIONS = (
					"DEBUG=1",
					"$(inherited)",
				);
				GCC_WARN_64_TO_32_BIT_CONVERSION = YES;
				GCC_WARN_ABOUT_RETURN_TYPE = YES_ERROR;
				GCC_WARN_UNDECLARED_SELECTOR = YES;
				GCC_WARN_UNINITIALIZED_AUTOS = YES_AGGRESSIVE;
				GCC_WARN_UNUSED_FUNCTION = YES;
				GCC_WARN_UNUSED_VARIABLE = YES;
				IPHONEOS_DEPLOYMENT_TARGET = 16.4;
				MTL_ENABLE_DEBUG_INFO = INCLUDE_SOURCE;
				MTL_FAST_MATH = YES;
				ONLY_ACTIVE_ARCH = YES;
				SDKROOT = iphoneos;
				SWIFT_ACTIVE_COMPILATION_CONDITIONS = DEBUG;
				SWIFT_OPTIMIZATION_LEVEL = "-Onone";
			};
			name = Debug;
		};
		90CA7C142A54F15600E65D99 /* Release */ = {
			isa = XCBuildConfiguration;
			buildSettings = {
				ALWAYS_SEARCH_USER_PATHS = NO;
				CLANG_ANALYZER_NONNULL = YES;
				CLANG_ANALYZER_NUMBER_OBJECT_CONVERSION = YES_AGGRESSIVE;
				CLANG_CXX_LANGUAGE_STANDARD = "gnu++20";
				CLANG_ENABLE_MODULES = YES;
				CLANG_ENABLE_OBJC_ARC = YES;
				CLANG_ENABLE_OBJC_WEAK = YES;
				CLANG_WARN_BLOCK_CAPTURE_AUTORELEASING = YES;
				CLANG_WARN_BOOL_CONVERSION = YES;
				CLANG_WARN_COMMA = YES;
				CLANG_WARN_CONSTANT_CONVERSION = YES;
				CLANG_WARN_DEPRECATED_OBJC_IMPLEMENTATIONS = YES;
				CLANG_WARN_DIRECT_OBJC_ISA_USAGE = YES_ERROR;
				CLANG_WARN_DOCUMENTATION_COMMENTS = YES;
				CLANG_WARN_EMPTY_BODY = YES;
				CLANG_WARN_ENUM_CONVERSION = YES;
				CLANG_WARN_INFINITE_RECURSION = YES;
				CLANG_WARN_INT_CONVERSION = YES;
				CLANG_WARN_NON_LITERAL_NULL_CONVERSION = YES;
				CLANG_WARN_OBJC_IMPLICIT_RETAIN_SELF = YES;
				CLANG_WARN_OBJC_LITERAL_CONVERSION = YES;
				CLANG_WARN_OBJC_ROOT_CLASS = YES_ERROR;
				CLANG_WARN_QUOTED_INCLUDE_IN_FRAMEWORK_HEADER = YES;
				CLANG_WARN_RANGE_LOOP_ANALYSIS = YES;
				CLANG_WARN_STRICT_PROTOTYPES = YES;
				CLANG_WARN_SUSPICIOUS_MOVE = YES;
				CLANG_WARN_UNGUARDED_AVAILABILITY = YES_AGGRESSIVE;
				CLANG_WARN_UNREACHABLE_CODE = YES;
				CLANG_WARN__DUPLICATE_METHOD_MATCH = YES;
				COPY_PHASE_STRIP = NO;
				DEBUG_INFORMATION_FORMAT = "dwarf-with-dsym";
				ENABLE_NS_ASSERTIONS = NO;
				ENABLE_STRICT_OBJC_MSGSEND = YES;
				GCC_C_LANGUAGE_STANDARD = gnu11;
				GCC_NO_COMMON_BLOCKS = YES;
				GCC_WARN_64_TO_32_BIT_CONVERSION = YES;
				GCC_WARN_ABOUT_RETURN_TYPE = YES_ERROR;
				GCC_WARN_UNDECLARED_SELECTOR = YES;
				GCC_WARN_UNINITIALIZED_AUTOS = YES_AGGRESSIVE;
				GCC_WARN_UNUSED_FUNCTION = YES;
				GCC_WARN_UNUSED_VARIABLE = YES;
				IPHONEOS_DEPLOYMENT_TARGET = 16.4;
				MTL_ENABLE_DEBUG_INFO = NO;
				MTL_FAST_MATH = YES;
				SDKROOT = iphoneos;
				SWIFT_COMPILATION_MODE = wholemodule;
				SWIFT_OPTIMIZATION_LEVEL = "-O";
				VALIDATE_PRODUCT = YES;
			};
			name = Release;
		};
		90CA7C162A54F15600E65D99 /* Debug */ = {
			isa = XCBuildConfiguration;
			baseConfigurationReference = 9B9D3362AD0067D35B0D0BF7 /* Pods-MovieDemo.debug.xcconfig */;
			buildSettings = {
				ASSETCATALOG_COMPILER_APPICON_NAME = AppIcon;
				ASSETCATALOG_COMPILER_GLOBAL_ACCENT_COLOR_NAME = AccentColor;
				CODE_SIGN_STYLE = Automatic;
				CURRENT_PROJECT_VERSION = 1;
				DEVELOPMENT_TEAM = 6G4TS2VJZL;
				GENERATE_INFOPLIST_FILE = YES;
				INFOPLIST_FILE = MovieDemo/Info.plist;
				INFOPLIST_KEY_UIApplicationSupportsIndirectInputEvents = YES;
				INFOPLIST_KEY_UILaunchStoryboardName = LaunchScreen;
				INFOPLIST_KEY_UIMainStoryboardFile = Main;
				INFOPLIST_KEY_UISupportedInterfaceOrientations_iPad = "UIInterfaceOrientationPortrait UIInterfaceOrientationPortraitUpsideDown UIInterfaceOrientationLandscapeLeft UIInterfaceOrientationLandscapeRight";
				INFOPLIST_KEY_UISupportedInterfaceOrientations_iPhone = "UIInterfaceOrientationPortrait UIInterfaceOrientationLandscapeLeft UIInterfaceOrientationLandscapeRight";
				LD_RUNPATH_SEARCH_PATHS = (
					"$(inherited)",
					"@executable_path/Frameworks",
				);
				MARKETING_VERSION = 1.0;
				PRODUCT_BUNDLE_IDENTIFIER = com.bocDemos.MovieDemo;
				PRODUCT_NAME = "$(TARGET_NAME)";
				SWIFT_EMIT_LOC_STRINGS = YES;
				SWIFT_VERSION = 5.0;
				TARGETED_DEVICE_FAMILY = "1,2";
			};
			name = Debug;
		};
		90CA7C172A54F15600E65D99 /* Release */ = {
			isa = XCBuildConfiguration;
			baseConfigurationReference = 197DD3C754AEAE3331E4C044 /* Pods-MovieDemo.release.xcconfig */;
			buildSettings = {
				ASSETCATALOG_COMPILER_APPICON_NAME = AppIcon;
				ASSETCATALOG_COMPILER_GLOBAL_ACCENT_COLOR_NAME = AccentColor;
				CODE_SIGN_STYLE = Automatic;
				CURRENT_PROJECT_VERSION = 1;
				DEVELOPMENT_TEAM = 6G4TS2VJZL;
				GENERATE_INFOPLIST_FILE = YES;
				INFOPLIST_FILE = MovieDemo/Info.plist;
				INFOPLIST_KEY_UIApplicationSupportsIndirectInputEvents = YES;
				INFOPLIST_KEY_UILaunchStoryboardName = LaunchScreen;
				INFOPLIST_KEY_UIMainStoryboardFile = Main;
				INFOPLIST_KEY_UISupportedInterfaceOrientations_iPad = "UIInterfaceOrientationPortrait UIInterfaceOrientationPortraitUpsideDown UIInterfaceOrientationLandscapeLeft UIInterfaceOrientationLandscapeRight";
				INFOPLIST_KEY_UISupportedInterfaceOrientations_iPhone = "UIInterfaceOrientationPortrait UIInterfaceOrientationLandscapeLeft UIInterfaceOrientationLandscapeRight";
				LD_RUNPATH_SEARCH_PATHS = (
					"$(inherited)",
					"@executable_path/Frameworks",
				);
				MARKETING_VERSION = 1.0;
				PRODUCT_BUNDLE_IDENTIFIER = com.bocDemos.MovieDemo;
				PRODUCT_NAME = "$(TARGET_NAME)";
				SWIFT_EMIT_LOC_STRINGS = YES;
				SWIFT_VERSION = 5.0;
				TARGETED_DEVICE_FAMILY = "1,2";
			};
			name = Release;
		};
		90CA7C192A54F15600E65D99 /* Debug */ = {
			isa = XCBuildConfiguration;
			baseConfigurationReference = 5FF4274631A81A59FF278C6A /* Pods-MovieDemoTests.debug.xcconfig */;
			buildSettings = {
				BUNDLE_LOADER = "$(TEST_HOST)";
				CODE_SIGN_STYLE = Automatic;
				CURRENT_PROJECT_VERSION = 1;
				DEVELOPMENT_TEAM = 6G4TS2VJZL;
				GENERATE_INFOPLIST_FILE = YES;
				IPHONEOS_DEPLOYMENT_TARGET = 16.4;
				MARKETING_VERSION = 1.0;
				PRODUCT_BUNDLE_IDENTIFIER = com.bocDemos.MovieDemoTests;
				PRODUCT_NAME = "$(TARGET_NAME)";
				SWIFT_EMIT_LOC_STRINGS = NO;
				SWIFT_VERSION = 5.0;
				TARGETED_DEVICE_FAMILY = "1,2";
				TEST_HOST = "$(BUILT_PRODUCTS_DIR)/MovieDemo.app/$(BUNDLE_EXECUTABLE_FOLDER_PATH)/MovieDemo";
			};
			name = Debug;
		};
		90CA7C1A2A54F15600E65D99 /* Release */ = {
			isa = XCBuildConfiguration;
			baseConfigurationReference = A72933BC79E9D97B2792494B /* Pods-MovieDemoTests.release.xcconfig */;
			buildSettings = {
				BUNDLE_LOADER = "$(TEST_HOST)";
				CODE_SIGN_STYLE = Automatic;
				CURRENT_PROJECT_VERSION = 1;
				DEVELOPMENT_TEAM = 6G4TS2VJZL;
				GENERATE_INFOPLIST_FILE = YES;
				IPHONEOS_DEPLOYMENT_TARGET = 16.4;
				MARKETING_VERSION = 1.0;
				PRODUCT_BUNDLE_IDENTIFIER = com.bocDemos.MovieDemoTests;
				PRODUCT_NAME = "$(TARGET_NAME)";
				SWIFT_EMIT_LOC_STRINGS = NO;
				SWIFT_VERSION = 5.0;
				TARGETED_DEVICE_FAMILY = "1,2";
				TEST_HOST = "$(BUILT_PRODUCTS_DIR)/MovieDemo.app/$(BUNDLE_EXECUTABLE_FOLDER_PATH)/MovieDemo";
			};
			name = Release;
		};
		90CA7C1C2A54F15600E65D99 /* Debug */ = {
			isa = XCBuildConfiguration;
			baseConfigurationReference = 7A2A2C513B351333E88D58EE /* Pods-MovieDemo-MovieDemoUITests.debug.xcconfig */;
			buildSettings = {
				CODE_SIGN_STYLE = Automatic;
				CURRENT_PROJECT_VERSION = 1;
				DEVELOPMENT_TEAM = 6G4TS2VJZL;
				GENERATE_INFOPLIST_FILE = YES;
				MARKETING_VERSION = 1.0;
				PRODUCT_BUNDLE_IDENTIFIER = com.bocDemos.MovieDemoUITests;
				PRODUCT_NAME = "$(TARGET_NAME)";
				SWIFT_EMIT_LOC_STRINGS = NO;
				SWIFT_VERSION = 5.0;
				TARGETED_DEVICE_FAMILY = "1,2";
				TEST_TARGET_NAME = MovieDemo;
			};
			name = Debug;
		};
		90CA7C1D2A54F15600E65D99 /* Release */ = {
			isa = XCBuildConfiguration;
			baseConfigurationReference = 1191191AAF5228D723A4BBEF /* Pods-MovieDemo-MovieDemoUITests.release.xcconfig */;
			buildSettings = {
				CODE_SIGN_STYLE = Automatic;
				CURRENT_PROJECT_VERSION = 1;
				DEVELOPMENT_TEAM = 6G4TS2VJZL;
				GENERATE_INFOPLIST_FILE = YES;
				MARKETING_VERSION = 1.0;
				PRODUCT_BUNDLE_IDENTIFIER = com.bocDemos.MovieDemoUITests;
				PRODUCT_NAME = "$(TARGET_NAME)";
				SWIFT_EMIT_LOC_STRINGS = NO;
				SWIFT_VERSION = 5.0;
				TARGETED_DEVICE_FAMILY = "1,2";
				TEST_TARGET_NAME = MovieDemo;
			};
			name = Release;
		};
/* End XCBuildConfiguration section */

/* Begin XCConfigurationList section */
		90CA7BE32A54F15400E65D99 /* Build configuration list for PBXProject "MovieDemo" */ = {
			isa = XCConfigurationList;
			buildConfigurations = (
				90CA7C132A54F15600E65D99 /* Debug */,
				90CA7C142A54F15600E65D99 /* Release */,
			);
			defaultConfigurationIsVisible = 0;
			defaultConfigurationName = Release;
		};
		90CA7C152A54F15600E65D99 /* Build configuration list for PBXNativeTarget "MovieDemo" */ = {
			isa = XCConfigurationList;
			buildConfigurations = (
				90CA7C162A54F15600E65D99 /* Debug */,
				90CA7C172A54F15600E65D99 /* Release */,
			);
			defaultConfigurationIsVisible = 0;
			defaultConfigurationName = Release;
		};
		90CA7C182A54F15600E65D99 /* Build configuration list for PBXNativeTarget "MovieDemoTests" */ = {
			isa = XCConfigurationList;
			buildConfigurations = (
				90CA7C192A54F15600E65D99 /* Debug */,
				90CA7C1A2A54F15600E65D99 /* Release */,
			);
			defaultConfigurationIsVisible = 0;
			defaultConfigurationName = Release;
		};
		90CA7C1B2A54F15600E65D99 /* Build configuration list for PBXNativeTarget "MovieDemoUITests" */ = {
			isa = XCConfigurationList;
			buildConfigurations = (
				90CA7C1C2A54F15600E65D99 /* Debug */,
				90CA7C1D2A54F15600E65D99 /* Release */,
			);
			defaultConfigurationIsVisible = 0;
			defaultConfigurationName = Release;
		};
/* End XCConfigurationList section */

/* Begin XCVersionGroup section */
		90CA7BF42A54F15400E65D99 /* MovieDemo.xcdatamodeld */ = {
			isa = XCVersionGroup;
			children = (
				90CA7BF52A54F15400E65D99 /* MovieDemo.xcdatamodel */,
			);
			currentVersion = 90CA7BF52A54F15400E65D99 /* MovieDemo.xcdatamodel */;
			path = MovieDemo.xcdatamodeld;
			sourceTree = "<group>";
			versionGroupType = wrapper.xcdatamodel;
		};
/* End XCVersionGroup section */
	};
	rootObject = 90CA7BE02A54F15400E65D99 /* Project object */;
}
